
Microsoft Visual Studio Solution File, Format Version 12.00
Project("{FAE04EC0-301F-11D3-BF4B-00C04F79EFBC}") = "MailBuilder", "MailBuilder\MailBuilder.csproj", "{0F06FCF9-8BA8-4E62-99AC-545550F0E6DC}"
EndProject
Global
	GlobalSection(SolutionConfigurationPlatforms) = preSolution
		Debug|Any CPU = Debug|Any CPU
		Release|Any CPU = Release|Any CPU
	EndGlobalSection
	GlobalSection(ProjectConfigurationPlatforms) = postSolution
		{0F06FCF9-8BA8-4E62-99AC-545550F0E6DC}.Debug|Any CPU.ActiveCfg = Debug|Any CPU
		{0F06FCF9-8BA8-4E62-99AC-545550F0E6DC}.Debug|Any CPU.Build.0 = Debug|Any CPU
		{0F06FCF9-8BA8-4E62-99AC-545550F0E6DC}.Release|Any CPU.ActiveCfg = Release|Any CPU
		{0F06FCF9-8BA8-4E62-99AC-545550F0E6DC}.Release|Any CPU.Build.0 = Release|Any CPU
	EndGlobalSection
EndGlobal
